
Microsoft Visual Studio Solution File, Format Version 12.00
# Visual Studio 15
VisualStudioVersion = 15.0.27703.2035
MinimumVisualStudioVersion = 10.0.40219.1
Project("{FAE04EC0-301F-11D3-BF4B-00C04F79EFBC}") = "PDF_POC", "PDF_POC\PDF_POC.csproj", "{44E5F3CD-6CC2-4720-AD27-5AED97D36D00}"
EndProject
Global
	GlobalSection(SolutionConfigurationPlatforms) = preSolution
		Debug|Any CPU = Debug|Any CPU
		Release|Any CPU = Release|Any CPU
	EndGlobalSection
	GlobalSection(ProjectConfigurationPlatforms) = postSolution
		{44E5F3CD-6CC2-4720-AD27-5AED97D36D00}.Debug|Any CPU.ActiveCfg = Debug|Any CPU
		{44E5F3CD-6CC2-4720-AD27-5AED97D36D00}.Debug|Any CPU.Build.0 = Debug|Any CPU
		{44E5F3CD-6CC2-4720-AD27-5AED97D36D00}.Release|Any CPU.ActiveCfg = Release|Any CPU
		{44E5F3CD-6CC2-4720-AD27-5AED97D36D00}.Release|Any CPU.Build.0 = Release|Any CPU
	EndGlobalSection
	GlobalSection(SolutionProperties) = preSolution
		HideSolutionNode = FALSE
	EndGlobalSection
	GlobalSection(ExtensibilityGlobals) = postSolution
		SolutionGuid = {C337A73F-DAF5-429A-88F5-DC8F3A164E9A}
	EndGlobalSection
EndGlobal
